
Microsoft Visual Studio Solution File, Format Version 12.00
# Visual Studio Version 17
VisualStudioVersion = 17.12.35506.116 d17.12
MinimumVisualStudioVersion = 10.0.40219.1
Project("{FAE04EC0-301F-11D3-BF4B-00C04F79EFBC}") = "Lab1_!", "Lab1_!\Lab1_!.csproj", "{14EA1E4A-EEDD-41A1-A772-042328FBA516}"
EndProject
Project("{FAE04EC0-301F-11D3-BF4B-00C04F79EFBC}") = "Lab1_2", "Lab1_2\Lab1_2.csproj", "{D413A0E0-FC70-4D28-8CB4-D7687F83AC99}"
EndProject
Global
	GlobalSection(SolutionConfigurationPlatforms) = preSolution
		Debug|Any CPU = Debug|Any CPU
		Release|Any CPU = Release|Any CPU
	EndGlobalSection
	GlobalSection(ProjectConfigurationPlatforms) = postSolution
		{14EA1E4A-EEDD-41A1-A772-042328FBA516}.Debug|Any CPU.ActiveCfg = Debug|Any CPU
		{14EA1E4A-EEDD-41A1-A772-042328FBA516}.Debug|Any CPU.Build.0 = Debug|Any CPU
		{14EA1E4A-EEDD-41A1-A772-042328FBA516}.Release|Any CPU.ActiveCfg = Release|Any CPU
		{14EA1E4A-EEDD-41A1-A772-042328FBA516}.Release|Any CPU.Build.0 = Release|Any CPU
		{D413A0E0-FC70-4D28-8CB4-D7687F83AC99}.Debug|Any CPU.ActiveCfg = Debug|Any CPU
		{D413A0E0-FC70-4D28-8CB4-D7687F83AC99}.Debug|Any CPU.Build.0 = Debug|Any CPU
		{D413A0E0-FC70-4D28-8CB4-D7687F83AC99}.Release|Any CPU.ActiveCfg = Release|Any CPU
		{D413A0E0-FC70-4D28-8CB4-D7687F83AC99}.Release|Any CPU.Build.0 = Release|Any CPU
	EndGlobalSection
	GlobalSection(SolutionProperties) = preSolution
		HideSolutionNode = FALSE
	EndGlobalSection
EndGlobal
