
Microsoft Visual Studio Solution File, Format Version 12.00
# Visual Studio Version 17
VisualStudioVersion = 17.12.35506.116 d17.12
MinimumVisualStudioVersion = 10.0.40219.1
Project("{FAE04EC0-301F-11D3-BF4B-00C04F79EFBC}") = "Form_LOAD", "Form_LOAD\Form_LOAD.csproj", "{914C5C2E-E69D-4A6B-BE8F-F96FCB34C032}"
EndProject
Global
	GlobalSection(SolutionConfigurationPlatforms) = preSolution
		Debug|Any CPU = Debug|Any CPU
		Release|Any CPU = Release|Any CPU
	EndGlobalSection
	GlobalSection(ProjectConfigurationPlatforms) = postSolution
		{914C5C2E-E69D-4A6B-BE8F-F96FCB34C032}.Debug|Any CPU.ActiveCfg = Debug|Any CPU
		{914C5C2E-E69D-4A6B-BE8F-F96FCB34C032}.Debug|Any CPU.Build.0 = Debug|Any CPU
		{914C5C2E-E69D-4A6B-BE8F-F96FCB34C032}.Release|Any CPU.ActiveCfg = Release|Any CPU
		{914C5C2E-E69D-4A6B-BE8F-F96FCB34C032}.Release|Any CPU.Build.0 = Release|Any CPU
	EndGlobalSection
	GlobalSection(SolutionProperties) = preSolution
		HideSolutionNode = FALSE
	EndGlobalSection
EndGlobal
